
Microsoft Visual Studio Solution File, Format Version 12.00
# Visual Studio 15
VisualStudioVersion = 15.0.27004.2010
MinimumVisualStudioVersion = 10.0.40219.1
Project("{FAE04EC0-301F-11D3-BF4B-00C04F79EFBC}") = "System.Matrix", "System.Matrix\System.Matrix.csproj", "{0C356129-6E4A-4F42-8027-CBFD13553024}"
EndProject
Global
	GlobalSection(SolutionConfigurationPlatforms) = preSolution
		Debug|Any CPU = Debug|Any CPU
		Release|Any CPU = Release|Any CPU
	EndGlobalSection
	GlobalSection(ProjectConfigurationPlatforms) = postSolution
		{0C356129-6E4A-4F42-8027-CBFD13553024}.Debug|Any CPU.ActiveCfg = Debug|Any CPU
		{0C356129-6E4A-4F42-8027-CBFD13553024}.Debug|Any CPU.Build.0 = Debug|Any CPU
		{0C356129-6E4A-4F42-8027-CBFD13553024}.Release|Any CPU.ActiveCfg = Release|Any CPU
		{0C356129-6E4A-4F42-8027-CBFD13553024}.Release|Any CPU.Build.0 = Release|Any CPU
	EndGlobalSection
	GlobalSection(SolutionProperties) = preSolution
		HideSolutionNode = FALSE
	EndGlobalSection
	GlobalSection(ExtensibilityGlobals) = postSolution
		SolutionGuid = {A658D43F-C08E-4118-8880-DC8D1AD910FA}
	EndGlobalSection
EndGlobal
